<?xml version="1.0" encoding="UTF-8" standalone="yes" ?>
<CodeBlocks_project_file>
	<FileVersion major="1" minor="6" />
	<Project>
		<Option title="LAnalayzer" />
		<Option pch_mode="2" />
		<Option compiler="gcc" />
		<Build>
			<Target title="Debug">
				<Option output="bin/Debug/LAnalayzer" prefix_auto="1" extension_auto="1" />
				<Option object_output="obj/Debug/" />
				<Option type="1" />
				<Option compiler="gcc" />
				<Compiler>
					<Add option="-std=c++11" />
					<Add option="-g" />
					<Add directory="include" />
				</Compiler>
			</Target>
			<Target title="Release">
				<Option output="bin/Release/LAnalayzer" prefix_auto="1" extension_auto="1" />
				<Option object_output="obj/Release/" />
				<Option type="1" />
				<Option compiler="gcc" />
				<Compiler>
					<Add option="-O2" />
					<Add directory="include" />
				</Compiler>
				<Linker>
					<Add option="-s" />
				</Linker>
			</Target>
		</Build>
		<Compiler>
			<Add option="-Wall" />
			<Add option="-fexceptions" />
		</Compiler>
		<Unit filename="include/DFA.h" />
		<Unit filename="include/First.h" />
		<Unit filename="include/Minimization.h" />
		<Unit filename="include/NFA.h" />
		<Unit filename="include/Parsing.h" />
		<Unit filename="include/Re_to_NFA.h" />
		<Unit filename="include/ReadRules.h" />
		<Unit filename="include/TestAnalyzer.h" />
		<Unit filename="include/parse_table.h" />
		<Unit filename="main.cpp" />
		<Unit filename="src/DFA.cpp" />
		<Unit filename="src/First.cpp" />
		<Unit filename="src/Minimization.cpp" />
		<Unit filename="src/NFA.cpp" />
		<Unit filename="src/Parsing.cpp" />
		<Unit filename="src/Re_to_NFA.cpp" />
		<Unit filename="src/ReadRules.cpp" />
		<Unit filename="src/TestAnalyzer.cpp" />
		<Unit filename="src/parse_table.cpp" />
		<Extensions>
			<code_completion />
			<envvars />
			<debugger />
			<lib_finder disable_auto="1" />
		</Extensions>
	</Project>
</CodeBlocks_project_file>
